# This file is automatically @generated by Cargo.
# It is not intended for manual editing.
version = 3

[[package]]
name = "sleek_ast"
version = "0.1.0"
dependencies = [
 "sleek_utils",
]

[[package]]
name = "sleek_cli"
version = "0.1.0"

[[package]]
name = "sleek_core"
version = "0.1.0"

[[package]]
name = "sleek_parser"
version = "0.1.0"
dependencies = [
 "sleek_ast",
 "sleek_utils",
]

[[package]]
name = "sleek_utils"
version = "0.1.0"
